
Microsoft Visual Studio Solution File, Format Version 12.00
# Visual Studio Version 17
VisualStudioVersion = 17.7.34024.191
MinimumVisualStudioVersion = 10.0.40219.1
Project("{FAE04EC0-301F-11D3-BF4B-00C04F79EFBC}") = "AdventOfCode2023", "AdventOfCode2023\AdventOfCode2023.csproj", "{7E4DA20E-0614-4055-AB71-F24DD607DFC6}"
EndProject
Global
	GlobalSection(SolutionConfigurationPlatforms) = preSolution
		Debug|Any CPU = Debug|Any CPU
		Release|Any CPU = Release|Any CPU
	EndGlobalSection
	GlobalSection(ProjectConfigurationPlatforms) = postSolution
		{7E4DA20E-0614-4055-AB71-F24DD607DFC6}.Debug|Any CPU.ActiveCfg = Debug|Any CPU
		{7E4DA20E-0614-4055-AB71-F24DD607DFC6}.Debug|Any CPU.Build.0 = Debug|Any CPU
		{7E4DA20E-0614-4055-AB71-F24DD607DFC6}.Release|Any CPU.ActiveCfg = Release|Any CPU
		{7E4DA20E-0614-4055-AB71-F24DD607DFC6}.Release|Any CPU.Build.0 = Release|Any CPU
	EndGlobalSection
	GlobalSection(SolutionProperties) = preSolution
		HideSolutionNode = FALSE
	EndGlobalSection
	GlobalSection(ExtensibilityGlobals) = postSolution
		SolutionGuid = {C60D12D7-B523-493C-935F-A7FF8DED3E0D}
	EndGlobalSection
EndGlobal
